// !$*UTF8*$!
{
	archiveVersion = 1;
	classes = {
	};
	objectVersion = 77;
	objects = {

/* Begin PBXBuildFile section */
		BCA100000000000000000001 /* Sparkle in Frameworks */ = {isa = PBXBuildFile; productRef = BCA100000000000000000002 /* Sparkle */; };
/* End PBXBuildFile section */

/* Begin PBXContainerItemProxy section */
		BC5F2D18304B333C007AA0E1 /* PBXContainerItemProxy */ = {
			isa = PBXContainerItemProxy;
			containerPortal = BC5F2D00304B333B007AA0E1 /* Project object */;
			proxyType = 1;
			remoteGlobalIDString = BC5F2D07304B333B007AA0E1;
			remoteInfo = "system-monitor";
		};
		BC5F2D22304B333C007AA0E1 /* PBXContainerItemProxy */ = {
			isa = PBXContainerItemProxy;
			containerPortal = BC5F2D00304B333B007AA0E1 /* Project object */;
			proxyType = 1;
			remoteGlobalIDString = BC5F2D07304B333B007AA0E1;
			remoteInfo = "system-monitor";
		};
/* End PBXContainerItemProxy section */

/* Begin PBXFileReference section */
		BC5F2D08304B333B007AA0E1 /* System-Monitor.app */ = {isa = PBXFileReference; explicitFileType = wrapper.application; includeInIndex = 0; path = "System-Monitor.app"; sourceTree = BUILT_PRODUCTS_DIR; };
		BC5F2D17304B333C007AA0E1 /* system-monitorTests.xctest */ = {isa = PBXFileReference; explicitFileType = wrapper.cfbundle; includeInIndex = 0; path = "system-monitorTests.xctest"; sourceTree = BUILT_PRODUCTS_DIR; };
		BC5F2D21304B333C007AA0E1 /* system-monitorUITests.xctest */ = {isa = PBXFileReference; explicitFileType = wrapper.cfbundle; includeInIndex = 0; path = "system-monitorUITests.xctest"; sourceTree = BUILT_PRODUCTS_DIR; };
/* End PBXFileReference section */

/* Begin PBXFileSystemSynchronizedRootGroup section */
		BC5F2D0A304B333B007AA0E1 /* system-monitor */ = {
			isa = PBXFileSystemSynchronizedRootGroup;
			path = "system-monitor";
			sourceTree = "<group>";
		};
		BC5F2D1A304B333C007AA0E1 /* system-monitorTests */ = {
			isa = PBXFileSystemSynchronizedRootGroup;
			path = "system-monitorTests";
			sourceTree = "<group>";
		};
		BC5F2D24304B333C007AA0E1 /* system-monitorUITests */ = {
			isa = PBXFileSystemSynchronizedRootGroup;
			path = "system-monitorUITests";
			sourceTree = "<group>";
		};
/* End PBXFileSystemSynchronizedRootGroup section */

/* Begin PBXFrameworksBuildPhase section */
		BC5F2D05304B333B007AA0E1 /* Frameworks */ = {
			isa = PBXFrameworksBuildPhase;
			buildActionMask = 2147483647;
			files = (
				BCA100000000000000000001 /* Sparkle in Frameworks */,
			);
			runOnlyForDeploymentPostprocessing = 0;
		};
		BC5F2D14304B333C007AA0E1 /* Frameworks */ = {
			isa = PBXFrameworksBuildPhase;
			buildActionMask = 2147483647;
			files = (
			);
			runOnlyForDeploymentPostprocessing = 0;
		};
		BC5F2D1E304B333C007AA0E1 /* Frameworks */ = {
			isa = PBXFrameworksBuildPhase;
			buildActionMask = 2147483647;
			files = (
			);
			runOnlyForDeploymentPostprocessing = 0;
		};
/* End PBXFrameworksBuildPhase section */

/* Begin PBXGroup section */
		BC5F2CFF304B333B007AA0E1 = {
			isa = PBXGroup;
			children = (
				BC5F2D0A304B333B007AA0E1 /* system-monitor */,
				BC5F2D1A304B333C007AA0E1 /* system-monitorTests */,
				BC5F2D24304B333C007AA0E1 /* system-monitorUITests */,
				BC5F2D09304B333B007AA0E1 /* Products */,
			);
			sourceTree = "<group>";
		};
		BC5F2D09304B333B007AA0E1 /* Products */ = {
			isa = PBXGroup;
			children = (
				BC5F2D08304B333B007AA0E1 /* System-Monitor.app */,
				BC5F2D17304B333C007AA0E1 /* system-monitorTests.xctest */,
				BC5F2D21304B333C007AA0E1 /* system-monitorUITests.xctest */,
			);
			name = Products;
			sourceTree = "<group>";
		};
/* End PBXGroup section */

/* Begin PBXNativeTarget section */
		BC5F2D07304B333B007AA0E1 /* system-monitor */ = {
			isa = PBXNativeTarget;
			buildConfigurationList = BC5F2D2B304B333C007AA0E1 /* Build configuration list for PBXNativeTarget "system-monitor" */;
			buildPhases = (
				BC5F2D04304B333B007AA0E1 /* Sources */,
				BC5F2D05304B333B007AA0E1 /* Frameworks */,
				BC5F2D06304B333B007AA0E1 /* Resources */,
			);
			buildRules = (
			);
			dependencies = (
			);
			fileSystemSynchronizedGroups = (
				BC5F2D0A304B333B007AA0E1 /* system-monitor */,
			);
			name = "system-monitor";
			packageProductDependencies = (
				BCA100000000000000000002 /* Sparkle */,
			);
			productName = "system-monitor";
			productReference = BC5F2D08304B333B007AA0E1 /* System-Monitor.app */;
			productType = "com.apple.product-type.application";
		};
		BC5F2D16304B333C007AA0E1 /* system-monitorTests */ = {
			isa = PBXNativeTarget;
			buildConfigurationList = BC5F2D2E304B333C007AA0E1 /* Build configuration list for PBXNativeTarget "system-monitorTests" */;
			buildPhases = (
				BC5F2D13304B333C007AA0E1 /* Sources */,
				BC5F2D14304B333C007AA0E1 /* Frameworks */,
				BC5F2D15304B333C007AA0E1 /* Resources */,
			);
			buildRules = (
			);
			dependencies = (
				BC5F2D19304B333C007AA0E1 /* PBXTargetDependency */,
			);
			fileSystemSynchronizedGroups = (
				BC5F2D1A304B333C007AA0E1 /* system-monitorTests */,
			);
			name = "system-monitorTests";
			packageProductDependencies = (
			);
			productName = "system-monitorTests";
			productReference = BC5F2D17304B333C007AA0E1 /* system-monitorTests.xctest */;
			productType = "com.apple.product-type.bundle.unit-test";
		};
		BC5F2D20304B333C007AA0E1 /* system-monitorUITests */ = {
			isa = PBXNativeTarget;
			buildConfigurationList = BC5F2D31304B333C007AA0E1 /* Build configuration list for PBXNativeTarget "system-monitorUITests" */;
			buildPhases = (
				BC5F2D1D304B333C007AA0E1 /* Sources */,
				BC5F2D1E304B333C007AA0E1 /* Frameworks */,
				BC5F2D1F304B333C007AA0E1 /* Resources */,
			);
			buildRules = (
			);
			dependencies = (
				BC5F2D23304B333C007AA0E1 /* PBXTargetDependency */,
			);
			fileSystemSynchronizedGroups = (
				BC5F2D24304B333C007AA0E1 /* system-monitorUITests */,
			);
			name = "system-monitorUITests";
			packageProductDependencies = (
			);
			productName = "system-monitorUITests";
			productReference = BC5F2D21304B333C007AA0E1 /* system-monitorUITests.xctest */;
			productType = "com.apple.product-type.bundle.ui-testing";
		};
/* End PBXNativeTarget section */

/* Begin PBXProject section */
		BC5F2D00304B333B007AA0E1 /* Project object */ = {
			isa = PBXProject;
			attributes = {
				BuildIndependentTargetsInParallel = 1;
				LastSwiftUpdateCheck = 2660;
				LastUpgradeCheck = 2660;
				TargetAttributes = {
					BC5F2D07304B333B007AA0E1 = {
						CreatedOnToolsVersion = 26.6;
					};
					BC5F2D16304B333C007AA0E1 = {
						CreatedOnToolsVersion = 26.6;
						TestTargetID = BC5F2D07304B333B007AA0E1;
					};
					BC5F2D20304B333C007AA0E1 = {
						CreatedOnToolsVersion = 26.6;
						TestTargetID = BC5F2D07304B333B007AA0E1;
					};
				};
			};
			buildConfigurationList = BC5F2D03304B333B007AA0E1 /* Build configuration list for PBXProject "system-monitor" */;
			developmentRegion = en;
			hasScannedForEncodings = 0;
			knownRegions = (
				en,
				Base,
			);
			mainGroup = BC5F2CFF304B333B007AA0E1;
			minimizedProjectReferenceProxies = 1;
			packageReferences = (
				BCA100000000000000000003 /* XCRemoteSwiftPackageReference "Sparkle" */,
			);
			preferredProjectObjectVersion = 77;
			productRefGroup = BC5F2D09304B333B007AA0E1 /* Products */;
			projectDirPath = "";
			projectRoot = "";
			targets = (
				BC5F2D07304B333B007AA0E1 /* system-monitor */,
				BC5F2D16304B333C007AA0E1 /* system-monitorTests */,
				BC5F2D20304B333C007AA0E1 /* system-monitorUITests */,
			);
		};
/* End PBXProject section */

/* Begin PBXResourcesBuildPhase section */
		BC5F2D06304B333B007AA0E1 /* Resources */ = {
			isa = PBXResourcesBuildPhase;
			buildActionMask = 2147483647;
			files = (
			);
			runOnlyForDeploymentPostprocessing = 0;
		};
		BC5F2D15304B333C007AA0E1 /* Resources */ = {
			isa = PBXResourcesBuildPhase;
			buildActionMask = 2147483647;
			files = (
			);
			runOnlyForDeploymentPostprocessing = 0;
		};
		BC5F2D1F304B333C007AA0E1 /* Resources */ = {
			isa = PBXResourcesBuildPhase;
			buildActionMask = 2147483647;
			files = (
			);
			runOnlyForDeploymentPostprocessing = 0;
		};
/* End PBXResourcesBuildPhase section */

/* Begin PBXSourcesBuildPhase section */
		BC5F2D04304B333B007AA0E1 /* Sources */ = {
			isa = PBXSourcesBuildPhase;
			buildActionMask = 2147483647;
			files = (
			);
			runOnlyForDeploymentPostprocessing = 0;
		};
		BC5F2D13304B333C007AA0E1 /* Sources */ = {
			isa = PBXSourcesBuildPhase;
			buildActionMask = 2147483647;
			files = (
			);
			runOnlyForDeploymentPostprocessing = 0;
		};
		BC5F2D1D304B333C007AA0E1 /* Sources */ = {
			isa = PBXSourcesBuildPhase;
			buildActionMask = 2147483647;
			files = (
			);
			runOnlyForDeploymentPostprocessing = 0;
		};
/* End PBXSourcesBuildPhase section */

/* Begin PBXTargetDependency section */
		BC5F2D19304B333C007AA0E1 /* PBXTargetDependency */ = {
			isa = PBXTargetDependency;
			target = BC5F2D07304B333B007AA0E1 /* system-monitor */;
			targetProxy = BC5F2D18304B333C007AA0E1 /* PBXContainerItemProxy */;
		};
		BC5F2D23304B333C007AA0E1 /* PBXTargetDependency */ = {
			isa = PBXTargetDependency;
			target = BC5F2D07304B333B007AA0E1 /* system-monitor */;
			targetProxy = BC5F2D22304B333C007AA0E1 /* PBXContainerItemProxy */;
		};
/* End PBXTargetDependency section */

/* Begin XCBuildConfiguration section */
		BC5F2D29304B333C007AA0E1 /* Debug */ = {
			isa = XCBuildConfiguration;
			buildSettings = {
				ALWAYS_SEARCH_USER_PATHS = NO;
				ASSETCATALOG_COMPILER_GENERATE_SWIFT_ASSET_SYMBOL_EXTENSIONS = YES;
				CLANG_ANALYZER_NONNULL = YES;
				CLANG_ANALYZER_NUMBER_OBJECT_CONVERSION = YES_AGGRESSIVE;
				CLANG_CXX_LANGUAGE_STANDARD = "gnu++20";
				CLANG_ENABLE_MODULES = YES;
				CLANG_ENABLE_OBJC_ARC = YES;
				CLANG_ENABLE_OBJC_WEAK = YES;
				CLANG_WARN_BLOCK_CAPTURE_AUTORELEASING = YES;
				CLANG_WARN_BOOL_CONVERSION = YES;
				CLANG_WARN_COMMA = YES;
				CLANG_WARN_CONSTANT_CONVERSION = YES;
				CLANG_WARN_DEPRECATED_OBJC_IMPLEMENTATIONS = YES;
				CLANG_WARN_DIRECT_OBJC_ISA_USAGE = YES_ERROR;
				CLANG_WARN_DOCUMENTATION_COMMENTS = YES;
				CLANG_WARN_EMPTY_BODY = YES;
				CLANG_WARN_ENUM_CONVERSION = YES;
				CLANG_WARN_INFINITE_RECURSION = YES;
				CLANG_WARN_INT_CONVERSION = YES;
				CLANG_WARN_NON_LITERAL_NULL_CONVERSION = YES;
				CLANG_WARN_OBJC_IMPLICIT_RETAIN_SELF = YES;
				CLANG_WARN_OBJC_LITERAL_CONVERSION = YES;
				CLANG_WARN_OBJC_ROOT_CLASS = YES_ERROR;
				CLANG_WARN_QUOTED_INCLUDE_IN_FRAMEWORK_HEADER = YES;
				CLANG_WARN_RANGE_LOOP_ANALYSIS = YES;
				CLANG_WARN_STRICT_PROTOTYPES = YES;
				CLANG_WARN_SUSPICIOUS_MOVE = YES;
				CLANG_WARN_UNGUARDED_AVAILABILITY = YES_AGGRESSIVE;
				CLANG_WARN_UNREACHABLE_CODE = YES;
				CLANG_WARN__DUPLICATE_METHOD_MATCH = YES;
				COPY_PHASE_STRIP = NO;
				DEBUG_INFORMATION_FORMAT = dwarf;
				DEVELOPMENT_TEAM = Z3S5JK8E38;
				ENABLE_STRICT_OBJC_MSGSEND = YES;
				ENABLE_TESTABILITY = YES;
				ENABLE_USER_SCRIPT_SANDBOXING = YES;
				GCC_C_LANGUAGE_STANDARD = gnu17;
				GCC_DYNAMIC_NO_PIC = NO;
				GCC_NO_COMMON_BLOCKS = YES;
				GCC_OPTIMIZATION_LEVEL = 0;
				GCC_PREPROCESSOR_DEFINITIONS = (
					"DEBUG=1",
					"$(inherited)",
				);
				GCC_WARN_64_TO_32_BIT_CONVERSION = YES;
				GCC_WARN_ABOUT_RETURN_TYPE = YES_ERROR;
				GCC_WARN_UNDECLARED_SELECTOR = YES;
				GCC_WARN_UNINITIALIZED_AUTOS = YES_AGGRESSIVE;
				GCC_WARN_UNUSED_FUNCTION = YES;
				GCC_WARN_UNUSED_VARIABLE = YES;
				LOCALIZATION_PREFERS_STRING_CATALOGS = YES;
				MACOSX_DEPLOYMENT_TARGET = 15.0;
				MTL_ENABLE_DEBUG_INFO = INCLUDE_SOURCE;
				MTL_FAST_MATH = YES;
				ONLY_ACTIVE_ARCH = YES;
				SDKROOT = macosx;
				SWIFT_ACTIVE_COMPILATION_CONDITIONS = "DEBUG $(inherited)";
				SWIFT_OPTIMIZATION_LEVEL = "-Onone";
			};
			name = Debug;
		};
		BC5F2D2A304B333C007AA0E1 /* Release */ = {
			isa = XCBuildConfiguration;
			buildSettings = {
				ALWAYS_SEARCH_USER_PATHS = NO;
				ASSETCATALOG_COMPILER_GENERATE_SWIFT_ASSET_SYMBOL_EXTENSIONS = YES;
				CLANG_ANALYZER_NONNULL = YES;
				CLANG_ANALYZER_NUMBER_OBJECT_CONVERSION = YES_AGGRESSIVE;
				CLANG_CXX_LANGUAGE_STANDARD = "gnu++20";
				CLANG_ENABLE_MODULES = YES;
				CLANG_ENABLE_OBJC_ARC = YES;
				CLANG_ENABLE_OBJC_WEAK = YES;
				CLANG_WARN_BLOCK_CAPTURE_AUTORELEASING = YES;
				CLANG_WARN_BOOL_CONVERSION = YES;
				CLANG_WARN_COMMA = YES;
				CLANG_WARN_CONSTANT_CONVERSION = YES;
				CLANG_WARN_DEPRECATED_OBJC_IMPLEMENTATIONS = YES;
				CLANG_WARN_DIRECT_OBJC_ISA_USAGE = YES_ERROR;
				CLANG_WARN_DOCUMENTATION_COMMENTS = YES;
				CLANG_WARN_EMPTY_BODY = YES;
				CLANG_WARN_ENUM_CONVERSION = YES;
				CLANG_WARN_INFINITE_RECURSION = YES;
				CLANG_WARN_INT_CONVERSION = YES;
				CLANG_WARN_NON_LITERAL_NULL_CONVERSION = YES;
				CLANG_WARN_OBJC_IMPLICIT_RETAIN_SELF = YES;
				CLANG_WARN_OBJC_LITERAL_CONVERSION = YES;
				CLANG_WARN_OBJC_ROOT_CLASS = YES_ERROR;
				CLANG_WARN_QUOTED_INCLUDE_IN_FRAMEWORK_HEADER = YES;
				CLANG_WARN_RANGE_LOOP_ANALYSIS = YES;
				CLANG_WARN_STRICT_PROTOTYPES = YES;
				CLANG_WARN_SUSPICIOUS_MOVE = YES;
				CLANG_WARN_UNGUARDED_AVAILABILITY = YES_AGGRESSIVE;
				CLANG_WARN_UNREACHABLE_CODE = YES;
				CLANG_WARN__DUPLICATE_METHOD_MATCH = YES;
				COPY_PHASE_STRIP = NO;
				DEBUG_INFORMATION_FORMAT = "dwarf-with-dsym";
				DEVELOPMENT_TEAM = Z3S5JK8E38;
				ENABLE_NS_ASSERTIONS = NO;
				ENABLE_STRICT_OBJC_MSGSEND = YES;
				ENABLE_USER_SCRIPT_SANDBOXING = YES;
				GCC_C_LANGUAGE_STANDARD = gnu17;
				GCC_NO_COMMON_BLOCKS = YES;
				GCC_WARN_64_TO_32_BIT_CONVERSION = YES;
				GCC_WARN_ABOUT_RETURN_TYPE = YES_ERROR;
				GCC_WARN_UNDECLARED_SELECTOR = YES;
				GCC_WARN_UNINITIALIZED_AUTOS = YES_AGGRESSIVE;
				GCC_WARN_UNUSED_FUNCTION = YES;
				GCC_WARN_UNUSED_VARIABLE = YES;
				LOCALIZATION_PREFERS_STRING_CATALOGS = YES;
				MACOSX_DEPLOYMENT_TARGET = 15.0;
				MTL_ENABLE_DEBUG_INFO = NO;
				MTL_FAST_MATH = YES;
				SDKROOT = macosx;
				SWIFT_COMPILATION_MODE = wholemodule;
			};
			name = Release;
		};
		BC5F2D2C304B333C007AA0E1 /* Debug */ = {
			isa = XCBuildConfiguration;
			buildSettings = {
				ARCHS = arm64;
				ASSETCATALOG_COMPILER_APPICON_NAME = AppIcon;
				ASSETCATALOG_COMPILER_GLOBAL_ACCENT_COLOR_NAME = AccentColor;
				CODE_SIGN_STYLE = Automatic;
				COMBINE_HIDPI_IMAGES = YES;
				CURRENT_PROJECT_VERSION = 1;
				DEVELOPMENT_TEAM = Z3S5JK8E38;
				ENABLE_APP_SANDBOX = NO;
				ENABLE_HARDENED_RUNTIME = YES;
				ENABLE_PREVIEWS = YES;
				ENABLE_USER_SELECTED_FILES = readonly;
				GENERATE_INFOPLIST_FILE = YES;
				INFOPLIST_FILE = "Resources/SystemMonitor-Info.plist";
				INFOPLIST_KEY_CFBundleDisplayName = "System-Monitor";
				INFOPLIST_KEY_LSApplicationCategoryType = "public.app-category.utilities";
				INFOPLIST_KEY_LSUIElement = YES;
				INFOPLIST_KEY_NSHumanReadableCopyright = "";
				LD_RUNPATH_SEARCH_PATHS = (
					"$(inherited)",
					"@executable_path/../Frameworks",
				);
				MACOSX_DEPLOYMENT_TARGET = 15.0;
				MARKETING_VERSION = 1.0.0;
				PRODUCT_BUNDLE_IDENTIFIER = "com.juancasanueva.system-monitor";
				PRODUCT_MODULE_NAME = system_monitor;
				PRODUCT_NAME = "System-Monitor";
				REGISTER_APP_GROUPS = YES;
				STRING_CATALOG_GENERATE_SYMBOLS = YES;
				SWIFT_APPROACHABLE_CONCURRENCY = YES;
				SWIFT_DEFAULT_ACTOR_ISOLATION = MainActor;
				SWIFT_EMIT_LOC_STRINGS = YES;
				SWIFT_UPCOMING_FEATURE_MEMBER_IMPORT_VISIBILITY = YES;
				SWIFT_VERSION = 6.0;
			};
			name = Debug;
		};
		BC5F2D2D304B333C007AA0E1 /* Release */ = {
			isa = XCBuildConfiguration;
			buildSettings = {
				ARCHS = arm64;
				ASSETCATALOG_COMPILER_APPICON_NAME = AppIcon;
				ASSETCATALOG_COMPILER_GLOBAL_ACCENT_COLOR_NAME = AccentColor;
				CODE_SIGN_STYLE = Automatic;
				COMBINE_HIDPI_IMAGES = YES;
				CURRENT_PROJECT_VERSION = 1;
				DEVELOPMENT_TEAM = Z3S5JK8E38;
				ENABLE_APP_SANDBOX = NO;
				ENABLE_HARDENED_RUNTIME = YES;
				ENABLE_PREVIEWS = YES;
				ENABLE_USER_SELECTED_FILES = readonly;
				GENERATE_INFOPLIST_FILE = YES;
				INFOPLIST_FILE = "Resources/SystemMonitor-Info.plist";
				INFOPLIST_KEY_CFBundleDisplayName = "System-Monitor";
				INFOPLIST_KEY_LSApplicationCategoryType = "public.app-category.utilities";
				INFOPLIST_KEY_LSUIElement = YES;
				INFOPLIST_KEY_NSHumanReadableCopyright = "";
				LD_RUNPATH_SEARCH_PATHS = (
					"$(inherited)",
					"@executable_path/../Frameworks",
				);
				MACOSX_DEPLOYMENT_TARGET = 15.0;
				MARKETING_VERSION = 1.0.0;
				PRODUCT_BUNDLE_IDENTIFIER = "com.juancasanueva.system-monitor";
				PRODUCT_MODULE_NAME = system_monitor;
				PRODUCT_NAME = "System-Monitor";
				REGISTER_APP_GROUPS = YES;
				STRING_CATALOG_GENERATE_SYMBOLS = YES;
				SWIFT_APPROACHABLE_CONCURRENCY = YES;
				SWIFT_DEFAULT_ACTOR_ISOLATION = MainActor;
				SWIFT_EMIT_LOC_STRINGS = YES;
				SWIFT_UPCOMING_FEATURE_MEMBER_IMPORT_VISIBILITY = YES;
				SWIFT_VERSION = 6.0;
			};
			name = Release;
		};
		BC5F2D2F304B333C007AA0E1 /* Debug */ = {
			isa = XCBuildConfiguration;
			buildSettings = {
				BUNDLE_LOADER = "$(TEST_HOST)";
				CODE_SIGN_STYLE = Automatic;
				CURRENT_PROJECT_VERSION = 1;
				DEVELOPMENT_TEAM = Z3S5JK8E38;
				GENERATE_INFOPLIST_FILE = YES;
				MACOSX_DEPLOYMENT_TARGET = 15.0;
				MARKETING_VERSION = 1.0;
				PRODUCT_BUNDLE_IDENTIFIER = "com.juancasanueva.system-monitorTests";
				PRODUCT_NAME = "$(TARGET_NAME)";
				STRING_CATALOG_GENERATE_SYMBOLS = NO;
				SWIFT_APPROACHABLE_CONCURRENCY = YES;
				SWIFT_EMIT_LOC_STRINGS = NO;
				SWIFT_UPCOMING_FEATURE_MEMBER_IMPORT_VISIBILITY = YES;
				SWIFT_VERSION = 6.0;
				TEST_HOST = "$(BUILT_PRODUCTS_DIR)/System-Monitor.app/$(BUNDLE_EXECUTABLE_FOLDER_PATH)/System-Monitor";
			};
			name = Debug;
		};
		BC5F2D30304B333C007AA0E1 /* Release */ = {
			isa = XCBuildConfiguration;
			buildSettings = {
				BUNDLE_LOADER = "$(TEST_HOST)";
				CODE_SIGN_STYLE = Automatic;
				CURRENT_PROJECT_VERSION = 1;
				DEVELOPMENT_TEAM = Z3S5JK8E38;
				GENERATE_INFOPLIST_FILE = YES;
				MACOSX_DEPLOYMENT_TARGET = 15.0;
				MARKETING_VERSION = 1.0;
				PRODUCT_BUNDLE_IDENTIFIER = "com.juancasanueva.system-monitorTests";
				PRODUCT_NAME = "$(TARGET_NAME)";
				STRING_CATALOG_GENERATE_SYMBOLS = NO;
				SWIFT_APPROACHABLE_CONCURRENCY = YES;
				SWIFT_EMIT_LOC_STRINGS = NO;
				SWIFT_UPCOMING_FEATURE_MEMBER_IMPORT_VISIBILITY = YES;
				SWIFT_VERSION = 6.0;
				TEST_HOST = "$(BUILT_PRODUCTS_DIR)/System-Monitor.app/$(BUNDLE_EXECUTABLE_FOLDER_PATH)/System-Monitor";
			};
			name = Release;
		};
		BC5F2D32304B333C007AA0E1 /* Debug */ = {
			isa = XCBuildConfiguration;
			buildSettings = {
				CODE_SIGN_STYLE = Automatic;
				CURRENT_PROJECT_VERSION = 1;
				DEVELOPMENT_TEAM = Z3S5JK8E38;
				GENERATE_INFOPLIST_FILE = YES;
				MARKETING_VERSION = 1.0;
				PRODUCT_BUNDLE_IDENTIFIER = "com.juancasanueva.system-monitorUITests";
				PRODUCT_NAME = "$(TARGET_NAME)";
				STRING_CATALOG_GENERATE_SYMBOLS = NO;
				SWIFT_APPROACHABLE_CONCURRENCY = YES;
				SWIFT_EMIT_LOC_STRINGS = NO;
				SWIFT_UPCOMING_FEATURE_MEMBER_IMPORT_VISIBILITY = YES;
				SWIFT_VERSION = 6.0;
				TEST_TARGET_NAME = "system-monitor";
			};
			name = Debug;
		};
		BC5F2D33304B333C007AA0E1 /* Release */ = {
			isa = XCBuildConfiguration;
			buildSettings = {
				CODE_SIGN_STYLE = Automatic;
				CURRENT_PROJECT_VERSION = 1;
				DEVELOPMENT_TEAM = Z3S5JK8E38;
				GENERATE_INFOPLIST_FILE = YES;
				MARKETING_VERSION = 1.0;
				PRODUCT_BUNDLE_IDENTIFIER = "com.juancasanueva.system-monitorUITests";
				PRODUCT_NAME = "$(TARGET_NAME)";
				STRING_CATALOG_GENERATE_SYMBOLS = NO;
				SWIFT_APPROACHABLE_CONCURRENCY = YES;
				SWIFT_EMIT_LOC_STRINGS = NO;
				SWIFT_UPCOMING_FEATURE_MEMBER_IMPORT_VISIBILITY = YES;
				SWIFT_VERSION = 6.0;
				TEST_TARGET_NAME = "system-monitor";
			};
			name = Release;
		};
/* End XCBuildConfiguration section */

/* Begin XCConfigurationList section */
		BC5F2D03304B333B007AA0E1 /* Build configuration list for PBXProject "system-monitor" */ = {
			isa = XCConfigurationList;
			buildConfigurations = (
				BC5F2D29304B333C007AA0E1 /* Debug */,
				BC5F2D2A304B333C007AA0E1 /* Release */,
			);
			defaultConfigurationIsVisible = 0;
			defaultConfigurationName = Release;
		};
		BC5F2D2B304B333C007AA0E1 /* Build configuration list for PBXNativeTarget "system-monitor" */ = {
			isa = XCConfigurationList;
			buildConfigurations = (
				BC5F2D2C304B333C007AA0E1 /* Debug */,
				BC5F2D2D304B333C007AA0E1 /* Release */,
			);
			defaultConfigurationIsVisible = 0;
			defaultConfigurationName = Release;
		};
		BC5F2D2E304B333C007AA0E1 /* Build configuration list for PBXNativeTarget "system-monitorTests" */ = {
			isa = XCConfigurationList;
			buildConfigurations = (
				BC5F2D2F304B333C007AA0E1 /* Debug */,
				BC5F2D30304B333C007AA0E1 /* Release */,
			);
			defaultConfigurationIsVisible = 0;
			defaultConfigurationName = Release;
		};
		BC5F2D31304B333C007AA0E1 /* Build configuration list for PBXNativeTarget "system-monitorUITests" */ = {
			isa = XCConfigurationList;
			buildConfigurations = (
				BC5F2D32304B333C007AA0E1 /* Debug */,
				BC5F2D33304B333C007AA0E1 /* Release */,
			);
			defaultConfigurationIsVisible = 0;
			defaultConfigurationName = Release;
		};
/* End XCConfigurationList section */

/* Begin XCRemoteSwiftPackageReference section */
		BCA100000000000000000003 /* XCRemoteSwiftPackageReference "Sparkle" */ = {
			isa = XCRemoteSwiftPackageReference;
			repositoryURL = "https://github.com/sparkle-project/Sparkle";
			requirement = {
				kind = exactVersion;
				version = 2.9.6;
			};
		};
/* End XCRemoteSwiftPackageReference section */

/* Begin XCSwiftPackageProductDependency section */
		BCA100000000000000000002 /* Sparkle */ = {
			isa = XCSwiftPackageProductDependency;
			package = BCA100000000000000000003 /* XCRemoteSwiftPackageReference "Sparkle" */;
			productName = Sparkle;
		};
/* End XCSwiftPackageProductDependency section */
	};
	rootObject = BC5F2D00304B333B007AA0E1 /* Project object */;
}
